# This file is autogenerated, do not edit; changes may be undone by the next 'dep ensure'.


[[projects]]
  name = "github.com/aws/aws-sdk-go"
  packages = [
    "aws",
    "aws/awserr",
    "aws/awsutil",
    "aws/client",
    "aws/client/metadata",
    "aws/corehandlers",
    "aws/credentials",
    "aws/credentials/ec2rolecreds",
    "aws/credentials/endpointcreds",
    "aws/credentials/plugincreds",
    "aws/credentials/stscreds",
    "aws/csm",
    "aws/defaults",
    "aws/ec2metadata",
    "aws/endpoints",
    "aws/request",
    "aws/session",
    "aws/signer/v4",
    "awsmigrate/awsmigrate-renamer/rename",
    "awstesting",
    "awstesting/integration",
    "awstesting/integration/smoke",
    "awstesting/mock",
    "awstesting/unit",
    "internal/sdkio",
    "internal/sdkrand",
    "internal/sdkuri",
    "internal/shareddefaults",
    "private/model/api",
    "private/protocol",
    "private/protocol/ec2query",
    "private/protocol/eventstream",
    "private/protocol/eventstream/eventstreamapi",
    "private/protocol/json/jsonutil",
    "private/protocol/jsonrpc",
    "private/protocol/query",
    "private/protocol/query/queryutil",
    "private/protocol/rest",
    "private/protocol/restjson",
    "private/protocol/restxml",
    "private/protocol/xml/xmlutil",
    "private/signer/v2",
    "private/util",
    "service/acm",
    "service/apigateway",
    "service/applicationautoscaling",
    "service/applicationdiscoveryservice",
    "service/appstream",
    "service/athena",
    "service/autoscaling",
    "service/batch",
    "service/budgets",
    "service/clouddirectory",
    "service/cloudformation",
    "service/cloudfront",
    "service/cloudfront/sign",
    "service/cloudhsm",
    "service/cloudsearch",
    "service/cloudsearchdomain",
    "service/cloudtrail",
    "service/cloudwatch",
    "service/cloudwatchevents",
    "service/cloudwatchlogs",
    "service/codebuild",
    "service/codecommit",
    "service/codedeploy",
    "service/codepipeline",
    "service/codestar",
    "service/cognitoidentity",
    "service/cognitoidentityprovider",
    "service/cognitosync",
    "service/configservice",
    "service/costandusagereportservice",
    "service/databasemigrationservice",
    "service/datapipeline",
    "service/dax",
    "service/devicefarm",
    "service/directconnect",
    "service/directoryservice",
    "service/dynamodb",
    "service/dynamodb/dynamodbattribute",
    "service/dynamodb/dynamodbiface",
    "service/dynamodbstreams",
    "service/ec2",
    "service/ecr",
    "service/ecs",
    "service/efs",
    "service/elasticache",
    "service/elasticbeanstalk",
    "service/elasticsearchservice",
    "service/elastictranscoder",
    "service/elb",
    "service/elbv2",
    "service/emr",
    "service/firehose",
    "service/gamelift",
    "service/glacier",
    "service/greengrass",
    "service/health",
    "service/iam",
    "service/inspector",
    "service/iot",
    "service/iotdataplane",
    "service/kinesis",
    "service/kinesisanalytics",
    "service/kms",
    "service/kms/kmsiface",
    "service/lambda",
    "service/lexmodelbuildingservice",
    "service/lexruntimeservice",
    "service/lightsail",
    "service/machinelearning",
    "service/marketplacecommerceanalytics",
    "service/marketplaceentitlementservice",
    "service/marketplacemetering",
    "service/mobileanalytics",
    "service/mturk",
    "service/opsworks",
    "service/opsworkscm",
    "service/organizations",
    "service/pinpoint",
    "service/polly",
    "service/rds",
    "service/rds/rdsutils",
    "service/redshift",
    "service/rekognition",
    "service/resourcegroupstaggingapi",
    "service/route53",
    "service/route53domains",
    "service/s3",
    "service/s3/s3crypto",
    "service/s3/s3iface",
    "service/s3/s3manager",
    "service/servicecatalog",
    "service/ses",
    "service/sfn",
    "service/shield",
    "service/simpledb",
    "service/sms",
    "service/snowball",
    "service/sns",
    "service/sqs",
    "service/sqs/sqsiface",
    "service/ssm",
    "service/storagegateway",
    "service/sts",
    "service/support",
    "service/swf",
    "service/waf",
    "service/wafregional",
    "service/workdocs",
    "service/workspaces",
    "service/xray"
  ]
  revision = "0d5157217e4c72d0fc7fabad8e0501d3d5cb768d"
  version = "v1.15.41"

[[projects]]
  name = "github.com/davecgh/go-spew"
  packages = ["spew"]
  revision = "8991bc29aa16c548c550c7ff78260e27b9ab7c73"
  version = "v1.1.1"

[[projects]]
  name = "github.com/go-ini/ini"
  packages = ["."]
  revision = "5cf292cae48347c2490ac1a58fe36735fb78df7e"
  version = "v1.38.2"

[[projects]]
  name = "github.com/go-sql-driver/mysql"
  packages = ["."]
  revision = "d523deb1b23d913de5bdada721a6071e71283618"
  version = "v1.4.0"

[[projects]]
  branch = "master"
  name = "github.com/gopherjs/gopherjs"
  packages = ["js"]
  revision = "0210a2f0f73c96103378b0b935f39868e5731809"

[[projects]]
  branch = "master"
  name = "github.com/gucumber/gucumber"
  packages = [
    ".",
    "gherkin"
  ]
  revision = "7d5c79e832a25825dbed83e78f8484d4ffe8ec16"

[[projects]]
  name = "github.com/jawher/mow.cli"
  packages = [
    ".",
    "internal/container",
    "internal/flow",
    "internal/fsm",
    "internal/lexer",
    "internal/matcher",
    "internal/parser",
    "internal/values"
  ]
  revision = "2f22195f169da29d54624afd9eb83ada5c9e4ee9"
  version = "v1.0.4"

[[projects]]
  name = "github.com/jmespath/go-jmespath"
  packages = ["."]
  revision = "0b12d6b5"

[[projects]]
  name = "github.com/jtolds/gls"
  packages = ["."]
  revision = "77f18212c9c7edc9bd6a33d383a7b545ce62f064"
  version = "v4.2.1"

[[projects]]
  name = "github.com/pkg/errors"
  packages = ["."]
  revision = "645ef00459ed84a119197bfb8d8205042c6df63d"
  version = "v0.8.0"

[[projects]]
  name = "github.com/pmezard/go-difflib"
  packages = ["difflib"]
  revision = "792786c7400a136282c1664665ae0a8db921c6c2"
  version = "v1.0.0"

[[projects]]
  branch = "master"
  name = "github.com/shiena/ansicolor"
  packages = ["."]
  revision = "a422bbe96644373c5753384a59d678f7d261ff10"

[[projects]]
  name = "github.com/smartystreets/assertions"
  packages = [
    ".",
    "internal/go-render/render",
    "internal/oglematchers"
  ]
  revision = "7678a5452ebea5b7090a6b163f844c133f523da2"
  version = "1.8.3"

[[projects]]
  name = "github.com/smartystreets/goconvey"
  packages = [
    "convey",
    "convey/gotest",
    "convey/reporting"
  ]
  revision = "9e8dc3f972df6c8fcc0375ef492c24d0bb204857"
  version = "1.6.3"

[[projects]]
  name = "github.com/stretchr/testify"
  packages = [
    "assert",
    "require"
  ]
  revision = "f35b8ab0b5a2cef36673838d662e249dd9c94686"
  version = "v1.2.2"

[[projects]]
  branch = "master"
  name = "golang.org/x/crypto"
  packages = [
    "acme",
    "acme/autocert",
    "curve25519",
    "ed25519",
    "ed25519/internal/edwards25519",
    "internal/chacha20",
    "internal/subtle",
    "pkcs12/internal/rc2",
    "poly1305",
    "ssh",
    "ssh/terminal"
  ]
  revision = "0e37d006457bf46f9e6692014ba72ef82c33022c"

[[projects]]
  branch = "master"
  name = "golang.org/x/net"
  packages = [
    "html",
    "html/atom",
    "http/httpguts",
    "http2",
    "http2/hpack",
    "idna"
  ]
  revision = "f04abc6bdfa7a0171a8a0c9fd2ada9391044d056"

[[projects]]
  branch = "master"
  name = "golang.org/x/sys"
  packages = [
    "unix",
    "windows",
    "windows/registry",
    "windows/svc",
    "windows/svc/debug",
    "windows/svc/eventlog",
    "windows/svc/mgr"
  ]
  revision = "90868a75fefd03942536221d7c0e2f84ec62a668"

[[projects]]
  name = "golang.org/x/text"
  packages = [
    "collate",
    "collate/build",
    "internal/colltab",
    "internal/gen",
    "internal/tag",
    "internal/triegen",
    "internal/ucd",
    "language",
    "secure/bidirule",
    "transform",
    "unicode/bidi",
    "unicode/cldr",
    "unicode/norm",
    "unicode/rangetable"
  ]
  revision = "f21a4dfb5e38f5895301dc265a8def02365cc3d0"
  version = "v0.3.0"

[[projects]]
  branch = "master"
  name = "golang.org/x/tools"
  packages = [
    "go/ast/astutil",
    "go/buildutil",
    "go/internal/cgo",
    "go/loader"
  ]
  revision = "e93be7f42f9fcac2c537bcd78bab08e6e63ed5bf"

[[projects]]
  name = "google.golang.org/appengine"
  packages = ["cloudsql"]
  revision = "ae0ab99deb4dc413a2b4bd6c8bdd0eb67f1e4d06"
  version = "v1.2.0"

[solve-meta]
  analyzer-name = "dep"
  analyzer-version = 1
  inputs-digest = "21bd15ffc2a6856d5416d0030c9f9a012ccef31e809d8e2973e19bf2ec6669af"
  solver-name = "gps-cdcl"
  solver-version = 1
